# This file is automatically @generated by Cargo.
# It is not intended for manual editing.
version = 4

[[package]]
name = "apesdk-sim"
version = "0.1.0"
dependencies = [
 "apesdk-toolkit",
]

[[package]]
name = "apesdk-toolkit"
version = "0.1.0"

[[package]]
name = "simape"
version = "0.1.0"
dependencies = [
 "apesdk-sim",
 "apesdk-toolkit",
]
